
Microsoft Visual Studio Solution File, Format Version 12.00
# Visual Studio Version 17
VisualStudioVersion = 17.9.34607.119
MinimumVisualStudioVersion = 10.0.40219.1
Project("{FAE04EC0-301F-11D3-BF4B-00C04F79EFBC}") = "L02P02_2021PC602_2021VA650", "L02P02_2021PC602_2021VA650\L02P02_2021PC602_2021VA650.csproj", "{73124C10-DF7E-47C7-B543-CB3CB1F19A53}"
EndProject
Global
	GlobalSection(SolutionConfigurationPlatforms) = preSolution
		Debug|Any CPU = Debug|Any CPU
		Release|Any CPU = Release|Any CPU
	EndGlobalSection
	GlobalSection(ProjectConfigurationPlatforms) = postSolution
		{73124C10-DF7E-47C7-B543-CB3CB1F19A53}.Debug|Any CPU.ActiveCfg = Debug|Any CPU
		{73124C10-DF7E-47C7-B543-CB3CB1F19A53}.Debug|Any CPU.Build.0 = Debug|Any CPU
		{73124C10-DF7E-47C7-B543-CB3CB1F19A53}.Release|Any CPU.ActiveCfg = Release|Any CPU
		{73124C10-DF7E-47C7-B543-CB3CB1F19A53}.Release|Any CPU.Build.0 = Release|Any CPU
	EndGlobalSection
	GlobalSection(SolutionProperties) = preSolution
		HideSolutionNode = FALSE
	EndGlobalSection
	GlobalSection(ExtensibilityGlobals) = postSolution
		SolutionGuid = {14EF371E-35B1-4E95-862A-1FE3613E0444}
	EndGlobalSection
EndGlobal
